<?xml version="1.0" encoding="UTF-8"?>
<Scheme
   LastUpgradeVersion = "1620"
   version = "1.7">
   <BuildAction parallelizeBuildables = "YES" buildImplicitDependencies = "YES">
      <BuildActionEntries>
         <BuildActionEntry buildForTesting = "YES" buildForRunning = "YES" buildForProfiling = "YES" buildForArchiving = "YES" buildForAnalyzing = "YES">
            <BuildableReference BuildableIdentifier = "primary" BlueprintIdentifier = "HealthOSCLI" BuildableName = "HealthOSCLI" BlueprintName = "HealthOSCLI" ReferencedContainer = "container:HealthOS/Package.swift"></BuildableReference>
         </BuildActionEntry>
         <BuildActionEntry buildForTesting = "YES" buildForRunning = "NO" buildForProfiling = "NO" buildForArchiving = "NO" buildForAnalyzing = "YES">
            <BuildableReference BuildableIdentifier = "primary" BlueprintIdentifier = "HealthOSCoreTests" BuildableName = "HealthOSCoreTests" BlueprintName = "HealthOSCoreTests" ReferencedContainer = "container:HealthOS/Package.swift"></BuildableReference>
         </BuildActionEntry>
         <BuildActionEntry buildForTesting = "YES" buildForRunning = "NO" buildForProfiling = "NO" buildForArchiving = "NO" buildForAnalyzing = "YES">
            <BuildableReference BuildableIdentifier = "primary" BlueprintIdentifier = "HealthOSRuntimeTests" BuildableName = "HealthOSRuntimeTests" BlueprintName = "HealthOSRuntimeTests" ReferencedContainer = "container:HealthOS/Package.swift"></BuildableReference>
         </BuildActionEntry>
         <BuildActionEntry buildForTesting = "YES" buildForRunning = "NO" buildForProfiling = "NO" buildForArchiving = "NO" buildForAnalyzing = "YES">
            <BuildableReference BuildableIdentifier = "primary" BlueprintIdentifier = "HealthOSBoundaryTests" BuildableName = "HealthOSBoundaryTests" BlueprintName = "HealthOSBoundaryTests" ReferencedContainer = "container:HealthOS/Package.swift"></BuildableReference>
         </BuildActionEntry>
         <BuildActionEntry buildForTesting = "YES" buildForRunning = "NO" buildForProfiling = "NO" buildForArchiving = "NO" buildForAnalyzing = "YES">
            <BuildableReference BuildableIdentifier = "primary" BlueprintIdentifier = "StagePackageStructureTests" BuildableName = "StagePackageStructureTests" BlueprintName = "StagePackageStructureTests" ReferencedContainer = "container:HealthOS/Package.swift"></BuildableReference>
         </BuildActionEntry>
         <BuildActionEntry buildForTesting = "YES" buildForRunning = "NO" buildForProfiling = "NO" buildForArchiving = "NO" buildForAnalyzing = "YES">
            <BuildableReference BuildableIdentifier = "primary" BlueprintIdentifier = "HealthOSConstructionSystemTests" BuildableName = "HealthOSConstructionSystemTests" BlueprintName = "HealthOSConstructionSystemTests" ReferencedContainer = "container:HealthOS/Package.swift"></BuildableReference>
         </BuildActionEntry>
         <BuildActionEntry buildForTesting = "YES" buildForRunning = "NO" buildForProfiling = "NO" buildForArchiving = "NO" buildForAnalyzing = "YES">
            <BuildableReference BuildableIdentifier = "primary" BlueprintIdentifier = "HealthOSSupportToolingTests" BuildableName = "HealthOSSupportToolingTests" BlueprintName = "HealthOSSupportToolingTests" ReferencedContainer = "container:HealthOS/Package.swift"></BuildableReference>
         </BuildActionEntry>
         <BuildActionEntry buildForTesting = "YES" buildForRunning = "NO" buildForProfiling = "NO" buildForArchiving = "NO" buildForAnalyzing = "YES">
            <BuildableReference BuildableIdentifier = "primary" BlueprintIdentifier = "HealthOSTests" BuildableName = "HealthOSTests" BlueprintName = "HealthOSTests" ReferencedContainer = "container:HealthOS/Package.swift"></BuildableReference>
         </BuildActionEntry>
      </BuildActionEntries>
   </BuildAction>
   <TestAction buildConfiguration = "Debug" selectedDebuggerIdentifier = "Xcode.DebuggerFoundation.Debugger.LLDB" selectedLauncherIdentifier = "Xcode.DebuggerFoundation.Launcher.LLDB" shouldUseLaunchSchemeArgsEnv = "YES">
      <TestPlans>
         <TestPlanReference reference = "container:HealthOS/Xcode/TestPlans/All.xctestplan" default = "YES"></TestPlanReference>
      </TestPlans>
      <Testables>
         <TestableReference skipped = "NO">
            <BuildableReference BuildableIdentifier = "primary" BlueprintIdentifier = "HealthOSCoreTests" BuildableName = "HealthOSCoreTests" BlueprintName = "HealthOSCoreTests" ReferencedContainer = "container:HealthOS/Package.swift"></BuildableReference>
         </TestableReference>
         <TestableReference skipped = "NO">
            <BuildableReference BuildableIdentifier = "primary" BlueprintIdentifier = "HealthOSRuntimeTests" BuildableName = "HealthOSRuntimeTests" BlueprintName = "HealthOSRuntimeTests" ReferencedContainer = "container:HealthOS/Package.swift"></BuildableReference>
         </TestableReference>
         <TestableReference skipped = "NO">
            <BuildableReference BuildableIdentifier = "primary" BlueprintIdentifier = "HealthOSBoundaryTests" BuildableName = "HealthOSBoundaryTests" BlueprintName = "HealthOSBoundaryTests" ReferencedContainer = "container:HealthOS/Package.swift"></BuildableReference>
         </TestableReference>
         <TestableReference skipped = "NO">
            <BuildableReference BuildableIdentifier = "primary" BlueprintIdentifier = "StagePackageStructureTests" BuildableName = "StagePackageStructureTests" BlueprintName = "StagePackageStructureTests" ReferencedContainer = "container:HealthOS/Package.swift"></BuildableReference>
         </TestableReference>
         <TestableReference skipped = "NO">
            <BuildableReference BuildableIdentifier = "primary" BlueprintIdentifier = "HealthOSConstructionSystemTests" BuildableName = "HealthOSConstructionSystemTests" BlueprintName = "HealthOSConstructionSystemTests" ReferencedContainer = "container:HealthOS/Package.swift"></BuildableReference>
         </TestableReference>
         <TestableReference skipped = "NO">
            <BuildableReference BuildableIdentifier = "primary" BlueprintIdentifier = "HealthOSSupportToolingTests" BuildableName = "HealthOSSupportToolingTests" BlueprintName = "HealthOSSupportToolingTests" ReferencedContainer = "container:HealthOS/Package.swift"></BuildableReference>
         </TestableReference>
         <TestableReference skipped = "NO">
            <BuildableReference BuildableIdentifier = "primary" BlueprintIdentifier = "HealthOSTests" BuildableName = "HealthOSTests" BlueprintName = "HealthOSTests" ReferencedContainer = "container:HealthOS/Package.swift"></BuildableReference>
         </TestableReference>
      </Testables>
   </TestAction>
   <LaunchAction buildConfiguration = "Debug" selectedDebuggerIdentifier = "Xcode.DebuggerFoundation.Debugger.LLDB" selectedLauncherIdentifier = "Xcode.DebuggerFoundation.Launcher.LLDB" launchStyle = "0" useCustomWorkingDirectory = "NO" ignoresPersistentStateOnLaunch = "NO" debugDocumentVersioning = "YES" debugServiceExtension = "internal" allowLocationSimulation = "YES">
   </LaunchAction>
   <ProfileAction buildConfiguration = "Release" shouldUseLaunchSchemeArgsEnv = "YES" savedToolIdentifier = "" useCustomWorkingDirectory = "NO" debugDocumentVersioning = "YES">
   </ProfileAction>
   <AnalyzeAction buildConfiguration = "Debug">
   </AnalyzeAction>
   <ArchiveAction buildConfiguration = "Release" revealArchiveInOrganizer = "YES">
   </ArchiveAction>
</Scheme>
