<?xml version="1.0" encoding="UTF-8"?>
<Scheme LastUpgradeVersion = "1620" version = "1.7">
   <BuildAction parallelizeBuildables = "YES" buildImplicitDependencies = "YES">
      <BuildActionEntries>
         <BuildActionEntry buildForTesting = "YES" buildForRunning = "YES" buildForProfiling = "YES" buildForArchiving = "YES" buildForAnalyzing = "YES">
            <BuildableReference BuildableIdentifier = "primary" BlueprintIdentifier = "HealthOSCLI" BuildableName = "HealthOSCLI" BlueprintName = "HealthOSCLI" ReferencedContainer = "container:HealthOS/Package.swift"></BuildableReference>
         </BuildActionEntry>
         <BuildActionEntry buildForTesting = "YES" buildForRunning = "NO" buildForProfiling = "YES" buildForArchiving = "NO" buildForAnalyzing = "YES">
            <BuildableReference BuildableIdentifier = "primary" BlueprintIdentifier = "HealthOSCore" BuildableName = "HealthOSCore" BlueprintName = "HealthOSCore" ReferencedContainer = "container:HealthOS/Package.swift"></BuildableReference>
         </BuildActionEntry>
         <BuildActionEntry buildForTesting = "YES" buildForRunning = "NO" buildForProfiling = "YES" buildForArchiving = "NO" buildForAnalyzing = "YES">
            <BuildableReference BuildableIdentifier = "primary" BlueprintIdentifier = "HealthOSCoreTests" BuildableName = "HealthOSCoreTests" BlueprintName = "HealthOSCoreTests" ReferencedContainer = "container:HealthOS/Package.swift"></BuildableReference>
         </BuildActionEntry>
      </BuildActionEntries>
   </BuildAction>
   <TestAction buildConfiguration = "Debug" selectedDebuggerIdentifier = "Xcode.DebuggerFoundation.Debugger.LLDB" selectedLauncherIdentifier = "Xcode.DebuggerFoundation.Launcher.LLDB" shouldUseLaunchSchemeArgsEnv = "YES">
      <TestPlans><TestPlanReference reference = "container:HealthOS/Xcode/TestPlans/Core.xctestplan" default = "YES"></TestPlanReference></TestPlans>
      <Testables><TestableReference skipped = "NO"><BuildableReference BuildableIdentifier = "primary" BlueprintIdentifier = "HealthOSCoreTests" BuildableName = "HealthOSCoreTests" BlueprintName = "HealthOSCoreTests" ReferencedContainer = "container:HealthOS/Package.swift"></BuildableReference></TestableReference></Testables>
   </TestAction>
   <LaunchAction buildConfiguration = "Debug" selectedDebuggerIdentifier = "Xcode.DebuggerFoundation.Debugger.LLDB" selectedLauncherIdentifier = "Xcode.DebuggerFoundation.Launcher.LLDB" launchStyle = "0" useCustomWorkingDirectory = "NO" ignoresPersistentStateOnLaunch = "NO" debugDocumentVersioning = "YES" debugServiceExtension = "internal" allowLocationSimulation = "YES">
      <BuildableProductRunnable runnableDebuggingMode = "0"><BuildableReference BuildableIdentifier = "primary" BlueprintIdentifier = "HealthOSCLI" BuildableName = "HealthOSCLI" BlueprintName = "HealthOSCLI" ReferencedContainer = "container:HealthOS/Package.swift"></BuildableReference></BuildableProductRunnable>
   </LaunchAction>
   <ProfileAction buildConfiguration = "Release" shouldUseLaunchSchemeArgsEnv = "YES" savedToolIdentifier = "com.apple.dt.Instruments.template.time-profiler" useCustomWorkingDirectory = "NO" debugDocumentVersioning = "YES">
      <BuildableProductRunnable runnableDebuggingMode = "0"><BuildableReference BuildableIdentifier = "primary" BlueprintIdentifier = "HealthOSCLI" BuildableName = "HealthOSCLI" BlueprintName = "HealthOSCLI" ReferencedContainer = "container:HealthOS/Package.swift"></BuildableReference></BuildableProductRunnable>
   </ProfileAction>
   <AnalyzeAction buildConfiguration = "Debug"></AnalyzeAction>
   <ArchiveAction buildConfiguration = "Release" revealArchiveInOrganizer = "YES"></ArchiveAction>
</Scheme>
